
Microsoft Visual Studio Solution File, Format Version 12.00
# Visual Studio 15
VisualStudioVersion = 15.0.28010.2003
MinimumVisualStudioVersion = 10.0.40219.1
Project("{8BC9CEB8-8B4A-11D0-8D11-00A0C91BC942}") = "HK Human AI Aerial", "HK Human AI Aerial\HK Human AI Aerial.vcxproj", "{AB4C9622-8080-4E57-A3DD-4DC596CD367C}"
EndProject
Global
	GlobalSection(SolutionConfigurationPlatforms) = preSolution
		Debug|x64 = Debug|x64
		Debug|x86 = Debug|x86
		Release|x64 = Release|x64
		Release|x86 = Release|x86
	EndGlobalSection
	GlobalSection(ProjectConfigurationPlatforms) = postSolution
		{AB4C9622-8080-4E57-A3DD-4DC596CD367C}.Debug|x64.ActiveCfg = Debug|x64
		{AB4C9622-8080-4E57-A3DD-4DC596CD367C}.Debug|x64.Build.0 = Debug|x64
		{AB4C9622-8080-4E57-A3DD-4DC596CD367C}.Debug|x86.ActiveCfg = Debug|Win32
		{AB4C9622-8080-4E57-A3DD-4DC596CD367C}.Debug|x86.Build.0 = Debug|Win32
		{AB4C9622-8080-4E57-A3DD-4DC596CD367C}.Release|x64.ActiveCfg = Release|x64
		{AB4C9622-8080-4E57-A3DD-4DC596CD367C}.Release|x64.Build.0 = Release|x64
		{AB4C9622-8080-4E57-A3DD-4DC596CD367C}.Release|x86.ActiveCfg = Release|Win32
		{AB4C9622-8080-4E57-A3DD-4DC596CD367C}.Release|x86.Build.0 = Release|Win32
	EndGlobalSection
	GlobalSection(SolutionProperties) = preSolution
		HideSolutionNode = FALSE
	EndGlobalSection
	GlobalSection(ExtensibilityGlobals) = postSolution
		SolutionGuid = {00000035-10B6-4396-AAEE-252FE8312F67}
	EndGlobalSection
EndGlobal
